// !$*UTF8*$!
{
	archiveVersion = 1;
	classes = {
	};
	objectVersion = 46;
	objects = {

/* Begin PBXBuildFile section */
		CBE3CF68153D320B00A42767 /* UIKit.framework in Frameworks */ = {isa = PBXBuildFile; fileRef = CBE3CF67153D320B00A42767 /* UIKit.framework */; };
		CBE3CF6A153D320B00A42767 /* Foundation.framework in Frameworks */ = {isa = PBXBuildFile; fileRef = CBE3CF69153D320B00A42767 /* Foundation.framework */; };
		CBE3CF6C153D320B00A42767 /* CoreGraphics.framework in Frameworks */ = {isa = PBXBuildFile; fileRef = CBE3CF6B153D320B00A42767 /* CoreGraphics.framework */; };
		CBE3CF72153D320B00A42767 /* InfoPlist.strings in Resources */ = {isa = PBXBuildFile; fileRef = CBE3CF70153D320B00A42767 /* InfoPlist.strings */; };
		CBE3CF74153D320B00A42767 /* main.m in Sources */ = {isa = PBXBuildFile; fileRef = CBE3CF73153D320B00A42767 /* main.m */; };
		CBE3CF78153D320B00A42767 /* mGuessAppDelegate.m in Sources */ = {isa = PBXBuildFile; fileRef = CBE3CF77153D320B00A42767 /* mGuessAppDelegate.m */; };
		CBE3CF7B153D320B00A42767 /* mGuessViewController.m in Sources */ = {isa = PBXBuildFile; fileRef = CBE3CF7A153D320B00A42767 /* mGuessViewController.m */; };
		CBE3CF7E153D320B00A42767 /* mGuessViewController.xib in Resources */ = {isa = PBXBuildFile; fileRef = CBE3CF7C153D320B00A42767 /* mGuessViewController.xib */; };
/* End PBXBuildFile section */

/* Begin PBXFileReference section */
		CBE3CF63153D320B00A42767 /* mGuess.app */ = {isa = PBXFileReference; explicitFileType = wrapper.application; includeInIndex = 0; path = mGuess.app; sourceTree = BUILT_PRODUCTS_DIR; };
		CBE3CF67153D320B00A42767 /* UIKit.framework */ = {isa = PBXFileReference; lastKnownFileType = wrapper.framework; name = UIKit.framework; path = System/Library/Frameworks/UIKit.framework; sourceTree = SDKROOT; };
		CBE3CF69153D320B00A42767 /* Foundation.framework */ = {isa = PBXFileReference; lastKnownFileType = wrapper.framework; name = Foundation.framework; path = System/Library/Frameworks/Foundation.framework; sourceTree = SDKROOT; };
		CBE3CF6B153D320B00A42767 /* CoreGraphics.framework */ = {isa = PBXFileReference; lastKnownFileType = wrapper.framework; name = CoreGraphics.framework; path = System/Library/Frameworks/CoreGraphics.framework; sourceTree = SDKROOT; };
		CBE3CF6F153D320B00A42767 /* mGuess-Info.plist */ = {isa = PBXFileReference; path = "mGuess-Info.plist"; sourceTree = "<group>"; };
		CBE3CF71153D320B00A42767 /* en */ = {isa = PBXFileReference; lastKnownFileType = text.plist.strings; name = en; path = en.lproj/InfoPlist.strings; sourceTree = "<group>"; };
		CBE3CF73153D320B00A42767 /* main.m */ = {isa = PBXFileReference; lastKnownFileType = sourcecode.c.objc; path = main.m; sourceTree = "<group>"; };
		CBE3CF75153D320B00A42767 /* mGuess-Prefix.pch */ = {isa = PBXFileReference; path = "mGuess-Prefix.pch"; sourceTree = "<group>"; };
		CBE3CF76153D320B00A42767 /* mGuessAppDelegate.h */ = {isa = PBXFileReference; path = mGuessAppDelegate.h; sourceTree = "<group>"; };
		CBE3CF77153D320B00A42767 /* mGuessAppDelegate.m */ = {isa = PBXFileReference; lastKnownFileType = sourcecode.c.objc; path = mGuessAppDelegate.m; sourceTree = "<group>"; };
		CBE3CF79153D320B00A42767 /* mGuessViewController.h */ = {isa = PBXFileReference; path = mGuessViewController.h; sourceTree = "<group>"; };
		CBE3CF7A153D320B00A42767 /* mGuessViewController.m */ = {isa = PBXFileReference; lastKnownFileType = sourcecode.c.objc; path = mGuessViewController.m; sourceTree = "<group>"; };
		CBE3CF7D153D320B00A42767 /* en */ = {isa = PBXFileReference; lastKnownFileType = file.xib; name = en; path = en.lproj/mGuessViewController.xib; sourceTree = "<group>"; };
/* End PBXFileReference section */

/* Begin PBXFrameworksBuildPhase section */
		CBE3CF60153D320B00A42767 /* Frameworks */ = {
			isa = PBXFrameworksBuildPhase;
			buildActionMask = 2147483647;
			files = (
				CBE3CF68153D320B00A42767 /* UIKit.framework in Frameworks */,
				CBE3CF6A153D320B00A42767 /* Foundation.framework in Frameworks */,
				CBE3CF6C153D320B00A42767 /* CoreGraphics.framework in Frameworks */,
			);
			runOnlyForDeploymentPostprocessing = 0;
		};
/* End PBXFrameworksBuildPhase section */

/* Begin PBXGroup section */
		CBE3CF58153D320B00A42767 = {
			isa = PBXGroup;
			children = (
				CBE3CF6D153D320B00A42767 /* mGuess */,
				CBE3CF66153D320B00A42767 /* Frameworks */,
				CBE3CF64153D320B00A42767 /* Products */,
			);
			sourceTree = "<group>";
		};
		CBE3CF64153D320B00A42767 /* Products */ = {
			isa = PBXGroup;
			children = (
				CBE3CF63153D320B00A42767 /* mGuess.app */,
			);
			name = Products;
			sourceTree = "<group>";
		};
		CBE3CF66153D320B00A42767 /* Frameworks */ = {
			isa = PBXGroup;
			children = (
				CBE3CF67153D320B00A42767 /* UIKit.framework */,
				CBE3CF69153D320B00A42767 /* Foundation.framework */,
				CBE3CF6B153D320B00A42767 /* CoreGraphics.framework */,
			);
			name = Frameworks;
			sourceTree = "<group>";
		};
		CBE3CF6D153D320B00A42767 /* mGuess */ = {
			isa = PBXGroup;
			children = (
				CBE3CF76153D320B00A42767 /* mGuessAppDelegate.h */,
				CBE3CF77153D320B00A42767 /* mGuessAppDelegate.m */,
				CBE3CF79153D320B00A42767 /* mGuessViewController.h */,
				CBE3CF7A153D320B00A42767 /* mGuessViewController.m */,
				CBE3CF7C153D320B00A42767 /* mGuessViewController.xib */,
				CBE3CF6E153D320B00A42767 /* Supporting Files */,
			);
			path = mGuess;
			sourceTree = "<group>";
		};
		CBE3CF6E153D320B00A42767 /* Supporting Files */ = {
			isa = PBXGroup;
			children = (
				CBE3CF6F153D320B00A42767 /* mGuess-Info.plist */,
				CBE3CF70153D320B00A42767 /* InfoPlist.strings */,
				CBE3CF73153D320B00A42767 /* main.m */,
				CBE3CF75153D320B00A42767 /* mGuess-Prefix.pch */,
			);
			name = "Supporting Files";
			sourceTree = "<group>";
		};
/* End PBXGroup section */

/* Begin PBXNativeTarget section */
		CBE3CF62153D320B00A42767 /* mGuess */ = {
			isa = PBXNativeTarget;
			buildConfigurationList = CBE3CF81153D320B00A42767 /* Build configuration list for PBXNativeTarget "mGuess" */;
			buildPhases = (
				CBE3CF5F153D320B00A42767 /* Sources */,
				CBE3CF60153D320B00A42767 /* Frameworks */,
				CBE3CF61153D320B00A42767 /* Resources */,
			);
			buildRules = (
			);
			dependencies = (
			);
			name = mGuess;
			productName = mGuess;
			productReference = CBE3CF63153D320B00A42767 /* mGuess.app */;
			productType = "com.apple.product-type.application";
		};
/* End PBXNativeTarget section */

/* Begin PBXProject section */
		CBE3CF5A153D320B00A42767 /* Project object */ = {
			isa = PBXProject;
			attributes = {
				LastUpgradeCheck = 0420;
			};
			buildConfigurationList = CBE3CF5D153D320B00A42767 /* Build configuration list for PBXProject "mGuess" */;
			compatibilityVersion = "Xcode 3.2";
			developmentRegion = English;
			hasScannedForEncodings = 0;
			knownRegions = (
				en,
			);
			mainGroup = CBE3CF58153D320B00A42767;
			productRefGroup = CBE3CF64153D320B00A42767 /* Products */;
			projectDirPath = "";
			projectRoot = "";
			targets = (
				CBE3CF62153D320B00A42767 /* mGuess */,
			);
		};
/* End PBXProject section */

/* Begin PBXResourcesBuildPhase section */
		CBE3CF61153D320B00A42767 /* Resources */ = {
			isa = PBXResourcesBuildPhase;
			buildActionMask = 2147483647;
			files = (
				CBE3CF72153D320B00A42767 /* InfoPlist.strings in Resources */,
				CBE3CF7E153D320B00A42767 /* mGuessViewController.xib in Resources */,
			);
			runOnlyForDeploymentPostprocessing = 0;
		};
/* End PBXResourcesBuildPhase section */

/* Begin PBXSourcesBuildPhase section */
		CBE3CF5F153D320B00A42767 /* Sources */ = {
			isa = PBXSourcesBuildPhase;
			buildActionMask = 2147483647;
			files = (
				CBE3CF74153D320B00A42767 /* main.m in Sources */,
				CBE3CF78153D320B00A42767 /* mGuessAppDelegate.m in Sources */,
				CBE3CF7B153D320B00A42767 /* mGuessViewController.m in Sources */,
			);
			runOnlyForDeploymentPostprocessing = 0;
		};
/* End PBXSourcesBuildPhase section */

/* Begin PBXVariantGroup section */
		CBE3CF70153D320B00A42767 /* InfoPlist.strings */ = {
			isa = PBXVariantGroup;
			children = (
				CBE3CF71153D320B00A42767 /* en */,
			);
			name = InfoPlist.strings;
			sourceTree = "<group>";
		};
		CBE3CF7C153D320B00A42767 /* mGuessViewController.xib */ = {
			isa = PBXVariantGroup;
			children = (
				CBE3CF7D153D320B00A42767 /* en */,
			);
			name = mGuessViewController.xib;
			sourceTree = "<group>";
		};
/* End PBXVariantGroup section */

/* Begin XCBuildConfiguration section */
		CBE3CF7F153D320B00A42767 /* Debug */ = {
			isa = XCBuildConfiguration;
			buildSettings = {
				ALWAYS_SEARCH_USER_PATHS = NO;
				ARCHS = "$(ARCHS_STANDARD_32_BIT)";
				CLANG_ENABLE_OBJC_ARC = YES;
				"CODE_SIGN_IDENTITY[sdk=iphoneos*]" = "iPhone Developer";
				COPY_PHASE_STRIP = NO;
				GCC_C_LANGUAGE_STANDARD = gnu99;
				GCC_DYNAMIC_NO_PIC = NO;
				GCC_OPTIMIZATION_LEVEL = 0;
				GCC_PREPROCESSOR_DEFINITIONS = (
					"DEBUG=1",
					"$(inherited)",
				);
				GCC_SYMBOLS_PRIVATE_EXTERN = NO;
				GCC_VERSION = com.apple.compilers.llvm.clang.1_0;
				GCC_WARN_ABOUT_MISSING_PROTOTYPES = YES;
				GCC_WARN_ABOUT_RETURN_TYPE = YES;
				GCC_WARN_UNUSED_VARIABLE = YES;
				IPHONEOS_DEPLOYMENT_TARGET = 5.0;
				SDKROOT = iphoneos;
			};
			name = Debug;
		};
		CBE3CF80153D320B00A42767 /* Release */ = {
			isa = XCBuildConfiguration;
			buildSettings = {
				ALWAYS_SEARCH_USER_PATHS = NO;
				ARCHS = "$(ARCHS_STANDARD_32_BIT)";
				CLANG_ENABLE_OBJC_ARC = YES;
				"CODE_SIGN_IDENTITY[sdk=iphoneos*]" = "iPhone Developer";
				COPY_PHASE_STRIP = YES;
				GCC_C_LANGUAGE_STANDARD = gnu99;
				GCC_VERSION = com.apple.compilers.llvm.clang.1_0;
				GCC_WARN_ABOUT_MISSING_PROTOTYPES = YES;
				GCC_WARN_ABOUT_RETURN_TYPE = YES;
				GCC_WARN_UNUSED_VARIABLE = YES;
				IPHONEOS_DEPLOYMENT_TARGET = 5.0;
				OTHER_CFLAGS = "-DNS_BLOCK_ASSERTIONS=1";
				SDKROOT = iphoneos;
				VALIDATE_PRODUCT = YES;
			};
			name = Release;
		};
		CBE3CF82153D320B00A42767 /* Debug */ = {
			isa = XCBuildConfiguration;
			buildSettings = {
				GCC_PRECOMPILE_PREFIX_HEADER = YES;
				GCC_PREFIX_HEADER = "mGuess/mGuess-Prefix.pch";
				INFOPLIST_FILE = "mGuess/mGuess-Info.plist";
				PRODUCT_NAME = "$(TARGET_NAME)";
				WRAPPER_EXTENSION = app;
			};
			name = Debug;
		};
		CBE3CF83153D320B00A42767 /* Release */ = {
			isa = XCBuildConfiguration;
			buildSettings = {
				GCC_PRECOMPILE_PREFIX_HEADER = YES;
				GCC_PREFIX_HEADER = "mGuess/mGuess-Prefix.pch";
				INFOPLIST_FILE = "mGuess/mGuess-Info.plist";
				PRODUCT_NAME = "$(TARGET_NAME)";
				WRAPPER_EXTENSION = app;
			};
			name = Release;
		};
/* End XCBuildConfiguration section */

/* Begin XCConfigurationList section */
		CBE3CF5D153D320B00A42767 /* Build configuration list for PBXProject "mGuess" */ = {
			isa = XCConfigurationList;
			buildConfigurations = (
				CBE3CF7F153D320B00A42767 /* Debug */,
				CBE3CF80153D320B00A42767 /* Release */,
			);
			defaultConfigurationIsVisible = 0;
			defaultConfigurationName = Release;
		};
		CBE3CF81153D320B00A42767 /* Build configuration list for PBXNativeTarget "mGuess" */ = {
			isa = XCConfigurationList;
			buildConfigurations = (
				CBE3CF82153D320B00A42767 /* Debug */,
				CBE3CF83153D320B00A42767 /* Release */,
			);
			defaultConfigurationIsVisible = 0;
		};
/* End XCConfigurationList section */
	};
	rootObject = CBE3CF5A153D320B00A42767 /* Project object */;
}
